
Microsoft Visual Studio Solution File, Format Version 10.00
# Visual Studio 2008
Project("{FAE04EC0-301F-11D3-BF4B-00C04F79EFBC}") = "DbSnap", "DbSnap\DbSnap.csproj", "{F9D3A3D6-D15B-453D-B072-659F378E2114}"
EndProject
Project("{FAE04EC0-301F-11D3-BF4B-00C04F79EFBC}") = "DbSnap.Test", "DbSnap.Test\DbSnap.Test.csproj", "{2E2E7E31-ADF6-405A-B3D2-C2013721111B}"
EndProject
Global
	GlobalSection(SolutionConfigurationPlatforms) = preSolution
		Debug|Any CPU = Debug|Any CPU
		Release|Any CPU = Release|Any CPU
	EndGlobalSection
	GlobalSection(ProjectConfigurationPlatforms) = postSolution
		{F9D3A3D6-D15B-453D-B072-659F378E2114}.Debug|Any CPU.ActiveCfg = Debug|Any CPU
		{F9D3A3D6-D15B-453D-B072-659F378E2114}.Debug|Any CPU.Build.0 = Debug|Any CPU
		{F9D3A3D6-D15B-453D-B072-659F378E2114}.Release|Any CPU.ActiveCfg = Release|Any CPU
		{F9D3A3D6-D15B-453D-B072-659F378E2114}.Release|Any CPU.Build.0 = Release|Any CPU
		{2E2E7E31-ADF6-405A-B3D2-C2013721111B}.Debug|Any CPU.ActiveCfg = Debug|Any CPU
		{2E2E7E31-ADF6-405A-B3D2-C2013721111B}.Debug|Any CPU.Build.0 = Debug|Any CPU
		{2E2E7E31-ADF6-405A-B3D2-C2013721111B}.Release|Any CPU.ActiveCfg = Release|Any CPU
		{2E2E7E31-ADF6-405A-B3D2-C2013721111B}.Release|Any CPU.Build.0 = Release|Any CPU
	EndGlobalSection
	GlobalSection(SolutionProperties) = preSolution
		HideSolutionNode = FALSE
	EndGlobalSection
EndGlobal
